// !$*UTF8*$!
{
	archiveVersion = 1;
	classes = {
	};
	objectVersion = 46;
	objects = {

/* Begin PBXBuildFile section */
		8316803A1B132B00005B3866 /* Message.m in Sources */ = {isa = PBXBuildFile; fileRef = 831680391B132B00005B3866 /* Message.m */; };
		83919A651B10729800A9C54B /* main.m in Sources */ = {isa = PBXBuildFile; fileRef = 83919A641B10729800A9C54B /* main.m */; };
		83919A681B10729800A9C54B /* AppDelegate.m in Sources */ = {isa = PBXBuildFile; fileRef = 83919A671B10729800A9C54B /* AppDelegate.m */; };
		83919A6B1B10729800A9C54B /* ViewController.m in Sources */ = {isa = PBXBuildFile; fileRef = 83919A6A1B10729800A9C54B /* ViewController.m */; };
		83919A6E1B10729800A9C54B /* Main.storyboard in Resources */ = {isa = PBXBuildFile; fileRef = 83919A6C1B10729800A9C54B /* Main.storyboard */; };
		83919A701B10729800A9C54B /* Images.xcassets in Resources */ = {isa = PBXBuildFile; fileRef = 83919A6F1B10729800A9C54B /* Images.xcassets */; };
		83919A731B10729800A9C54B /* LaunchScreen.xib in Resources */ = {isa = PBXBuildFile; fileRef = 83919A711B10729800A9C54B /* LaunchScreen.xib */; };
		83919A7F1B10729800A9C54B /* ComplexChatIOSTests.m in Sources */ = {isa = PBXBuildFile; fileRef = 83919A7E1B10729800A9C54B /* ComplexChatIOSTests.m */; };
		83919A891B1072A600A9C54B /* Podfile in Resources */ = {isa = PBXBuildFile; fileRef = 83919A881B1072A600A9C54B /* Podfile */; };
		83919A8C1B1076ED00A9C54B /* DataModel.m in Sources */ = {isa = PBXBuildFile; fileRef = 83919A8B1B1076ED00A9C54B /* DataModel.m */; };
		83919A8F1B107EC900A9C54B /* NetworkContoller.m in Sources */ = {isa = PBXBuildFile; fileRef = 83919A8E1B107EC900A9C54B /* NetworkContoller.m */; };
		F439D8B5F446F4D748B69D52 /* libPods.a in Frameworks */ = {isa = PBXBuildFile; fileRef = F6B25B0FBD77AC1620861800 /* libPods.a */; };
/* End PBXBuildFile section */

/* Begin PBXContainerItemProxy section */
		83919A791B10729800A9C54B /* PBXContainerItemProxy */ = {
			isa = PBXContainerItemProxy;
			containerPortal = 83919A571B10729800A9C54B /* Project object */;
			proxyType = 1;
			remoteGlobalIDString = 83919A5E1B10729800A9C54B;
			remoteInfo = ComplexChatIOS;
		};
/* End PBXContainerItemProxy section */

/* Begin PBXFileReference section */
		22B3A150F8B0DA5F03A3BB83 /* Pods.debug.xcconfig */ = {isa = PBXFileReference; includeInIndex = 1; lastKnownFileType = text.xcconfig; name = Pods.debug.xcconfig; path = "Pods/Target Support Files/Pods/Pods.debug.xcconfig"; sourceTree = "<group>"; };
		6B8BFBB60FAFDC48FCE57C29 /* Pods.release.xcconfig */ = {isa = PBXFileReference; includeInIndex = 1; lastKnownFileType = text.xcconfig; name = Pods.release.xcconfig; path = "Pods/Target Support Files/Pods/Pods.release.xcconfig"; sourceTree = "<group>"; };
		831680381B132B00005B3866 /* Message.h */ = {isa = PBXFileReference; fileEncoding = 4; lastKnownFileType = sourcecode.c.h; path = Message.h; sourceTree = "<group>"; };
		831680391B132B00005B3866 /* Message.m */ = {isa = PBXFileReference; fileEncoding = 4; lastKnownFileType = sourcecode.c.objc; path = Message.m; sourceTree = "<group>"; };
		83919A5F1B10729800A9C54B /* ComplexChatIOS.app */ = {isa = PBXFileReference; explicitFileType = wrapper.application; includeInIndex = 0; path = ComplexChatIOS.app; sourceTree = BUILT_PRODUCTS_DIR; };
		83919A631B10729800A9C54B /* Info.plist */ = {isa = PBXFileReference; lastKnownFileType = text.plist.xml; path = Info.plist; sourceTree = "<group>"; };
		83919A641B10729800A9C54B /* main.m */ = {isa = PBXFileReference; lastKnownFileType = sourcecode.c.objc; path = main.m; sourceTree = "<group>"; };
		83919A661B10729800A9C54B /* AppDelegate.h */ = {isa = PBXFileReference; lastKnownFileType = sourcecode.c.h; path = AppDelegate.h; sourceTree = "<group>"; };
		83919A671B10729800A9C54B /* AppDelegate.m */ = {isa = PBXFileReference; lastKnownFileType = sourcecode.c.objc; path = AppDelegate.m; sourceTree = "<group>"; };
		83919A691B10729800A9C54B /* ViewController.h */ = {isa = PBXFileReference; lastKnownFileType = sourcecode.c.h; path = ViewController.h; sourceTree = "<group>"; };
		83919A6A1B10729800A9C54B /* ViewController.m */ = {isa = PBXFileReference; lastKnownFileType = sourcecode.c.objc; path = ViewController.m; sourceTree = "<group>"; };
		83919A6D1B10729800A9C54B /* Base */ = {isa = PBXFileReference; lastKnownFileType = file.storyboard; name = Base; path = Base.lproj/Main.storyboard; sourceTree = "<group>"; };
		83919A6F1B10729800A9C54B /* Images.xcassets */ = {isa = PBXFileReference; lastKnownFileType = folder.assetcatalog; path = Images.xcassets; sourceTree = "<group>"; };
		83919A721B10729800A9C54B /* Base */ = {isa = PBXFileReference; lastKnownFileType = file.xib; name = Base; path = Base.lproj/LaunchScreen.xib; sourceTree = "<group>"; };
		83919A781B10729800A9C54B /* ComplexChatIOSTests.xctest */ = {isa = PBXFileReference; explicitFileType = wrapper.cfbundle; includeInIndex = 0; path = ComplexChatIOSTests.xctest; sourceTree = BUILT_PRODUCTS_DIR; };
		83919A7D1B10729800A9C54B /* Info.plist */ = {isa = PBXFileReference; lastKnownFileType = text.plist.xml; path = Info.plist; sourceTree = "<group>"; };
		83919A7E1B10729800A9C54B /* ComplexChatIOSTests.m */ = {isa = PBXFileReference; lastKnownFileType = sourcecode.c.objc; path = ComplexChatIOSTests.m; sourceTree = "<group>"; };
		83919A881B1072A600A9C54B /* Podfile */ = {isa = PBXFileReference; fileEncoding = 4; lastKnownFileType = text; path = Podfile; sourceTree = "<group>"; };
		83919A8A1B1076ED00A9C54B /* DataModel.h */ = {isa = PBXFileReference; fileEncoding = 4; lastKnownFileType = sourcecode.c.h; path = DataModel.h; sourceTree = "<group>"; };
		83919A8B1B1076ED00A9C54B /* DataModel.m */ = {isa = PBXFileReference; fileEncoding = 4; lastKnownFileType = sourcecode.c.objc; path = DataModel.m; sourceTree = "<group>"; };
		83919A8D1B107EC900A9C54B /* NetworkContoller.h */ = {isa = PBXFileReference; fileEncoding = 4; lastKnownFileType = sourcecode.c.h; path = NetworkContoller.h; sourceTree = "<group>"; };
		83919A8E1B107EC900A9C54B /* NetworkContoller.m */ = {isa = PBXFileReference; fileEncoding = 4; lastKnownFileType = sourcecode.c.objc; path = NetworkContoller.m; sourceTree = "<group>"; };
		F6B25B0FBD77AC1620861800 /* libPods.a */ = {isa = PBXFileReference; explicitFileType = archive.ar; includeInIndex = 0; path = libPods.a; sourceTree = BUILT_PRODUCTS_DIR; };
/* End PBXFileReference section */

/* Begin PBXFrameworksBuildPhase section */
		83919A5C1B10729800A9C54B /* Frameworks */ = {
			isa = PBXFrameworksBuildPhase;
			buildActionMask = 2147483647;
			files = (
				F439D8B5F446F4D748B69D52 /* libPods.a in Frameworks */,
			);
			runOnlyForDeploymentPostprocessing = 0;
		};
		83919A751B10729800A9C54B /* Frameworks */ = {
			isa = PBXFrameworksBuildPhase;
			buildActionMask = 2147483647;
			files = (
			);
			runOnlyForDeploymentPostprocessing = 0;
		};
/* End PBXFrameworksBuildPhase section */

/* Begin PBXGroup section */
		51B9FC8635427134BB7804C4 /* Frameworks */ = {
			isa = PBXGroup;
			children = (
				F6B25B0FBD77AC1620861800 /* libPods.a */,
			);
			name = Frameworks;
			sourceTree = "<group>";
		};
		83919A561B10729800A9C54B = {
			isa = PBXGroup;
			children = (
				83919A881B1072A600A9C54B /* Podfile */,
				83919A611B10729800A9C54B /* ComplexChatIOS */,
				83919A7B1B10729800A9C54B /* ComplexChatIOSTests */,
				83919A601B10729800A9C54B /* Products */,
				D8AB6865A903F3DC7437AF54 /* Pods */,
				51B9FC8635427134BB7804C4 /* Frameworks */,
			);
			sourceTree = "<group>";
		};
		83919A601B10729800A9C54B /* Products */ = {
			isa = PBXGroup;
			children = (
				83919A5F1B10729800A9C54B /* ComplexChatIOS.app */,
				83919A781B10729800A9C54B /* ComplexChatIOSTests.xctest */,
			);
			name = Products;
			sourceTree = "<group>";
		};
		83919A611B10729800A9C54B /* ComplexChatIOS */ = {
			isa = PBXGroup;
			children = (
				83919A661B10729800A9C54B /* AppDelegate.h */,
				83919A671B10729800A9C54B /* AppDelegate.m */,
				83919A691B10729800A9C54B /* ViewController.h */,
				83919A6A1B10729800A9C54B /* ViewController.m */,
				83919A8A1B1076ED00A9C54B /* DataModel.h */,
				83919A8B1B1076ED00A9C54B /* DataModel.m */,
				83919A8D1B107EC900A9C54B /* NetworkContoller.h */,
				83919A8E1B107EC900A9C54B /* NetworkContoller.m */,
				83919A6C1B10729800A9C54B /* Main.storyboard */,
				83919A6F1B10729800A9C54B /* Images.xcassets */,
				83919A711B10729800A9C54B /* LaunchScreen.xib */,
				83919A621B10729800A9C54B /* Supporting Files */,
				831680381B132B00005B3866 /* Message.h */,
				831680391B132B00005B3866 /* Message.m */,
			);
			path = ComplexChatIOS;
			sourceTree = "<group>";
		};
		83919A621B10729800A9C54B /* Supporting Files */ = {
			isa = PBXGroup;
			children = (
				83919A631B10729800A9C54B /* Info.plist */,
				83919A641B10729800A9C54B /* main.m */,
			);
			name = "Supporting Files";
			sourceTree = "<group>";
		};
		83919A7B1B10729800A9C54B /* ComplexChatIOSTests */ = {
			isa = PBXGroup;
			children = (
				83919A7E1B10729800A9C54B /* ComplexChatIOSTests.m */,
				83919A7C1B10729800A9C54B /* Supporting Files */,
			);
			path = ComplexChatIOSTests;
			sourceTree = "<group>";
		};
		83919A7C1B10729800A9C54B /* Supporting Files */ = {
			isa = PBXGroup;
			children = (
				83919A7D1B10729800A9C54B /* Info.plist */,
			);
			name = "Supporting Files";
			sourceTree = "<group>";
		};
		D8AB6865A903F3DC7437AF54 /* Pods */ = {
			isa = PBXGroup;
			children = (
				22B3A150F8B0DA5F03A3BB83 /* Pods.debug.xcconfig */,
				6B8BFBB60FAFDC48FCE57C29 /* Pods.release.xcconfig */,
			);
			name = Pods;
			sourceTree = "<group>";
		};
/* End PBXGroup section */

/* Begin PBXNativeTarget section */
		83919A5E1B10729800A9C54B /* ComplexChatIOS */ = {
			isa = PBXNativeTarget;
			buildConfigurationList = 83919A821B10729800A9C54B /* Build configuration list for PBXNativeTarget "ComplexChatIOS" */;
			buildPhases = (
				C956C79BAA1FB78871437470 /* Check Pods Manifest.lock */,
				83919A5B1B10729800A9C54B /* Sources */,
				83919A5C1B10729800A9C54B /* Frameworks */,
				83919A5D1B10729800A9C54B /* Resources */,
				C68EE7C345D79530BE1DB76F /* Copy Pods Resources */,
			);
			buildRules = (
			);
			dependencies = (
			);
			name = ComplexChatIOS;
			productName = ComplexChatIOS;
			productReference = 83919A5F1B10729800A9C54B /* ComplexChatIOS.app */;
			productType = "com.apple.product-type.application";
		};
		83919A771B10729800A9C54B /* ComplexChatIOSTests */ = {
			isa = PBXNativeTarget;
			buildConfigurationList = 83919A851B10729800A9C54B /* Build configuration list for PBXNativeTarget "ComplexChatIOSTests" */;
			buildPhases = (
				83919A741B10729800A9C54B /* Sources */,
				83919A751B10729800A9C54B /* Frameworks */,
				83919A761B10729800A9C54B /* Resources */,
			);
			buildRules = (
			);
			dependencies = (
				83919A7A1B10729800A9C54B /* PBXTargetDependency */,
			);
			name = ComplexChatIOSTests;
			productName = ComplexChatIOSTests;
			productReference = 83919A781B10729800A9C54B /* ComplexChatIOSTests.xctest */;
			productType = "com.apple.product-type.bundle.unit-test";
		};
/* End PBXNativeTarget section */

/* Begin PBXProject section */
		83919A571B10729800A9C54B /* Project object */ = {
			isa = PBXProject;
			attributes = {
				LastUpgradeCheck = 0630;
				ORGANIZATIONNAME = "Anton Dosov";
				TargetAttributes = {
					83919A5E1B10729800A9C54B = {
						CreatedOnToolsVersion = 6.3;
					};
					83919A771B10729800A9C54B = {
						CreatedOnToolsVersion = 6.3;
						TestTargetID = 83919A5E1B10729800A9C54B;
					};
				};
			};
			buildConfigurationList = 83919A5A1B10729800A9C54B /* Build configuration list for PBXProject "ComplexChatIOS" */;
			compatibilityVersion = "Xcode 3.2";
			developmentRegion = English;
			hasScannedForEncodings = 0;
			knownRegions = (
				en,
				Base,
			);
			mainGroup = 83919A561B10729800A9C54B;
			productRefGroup = 83919A601B10729800A9C54B /* Products */;
			projectDirPath = "";
			projectRoot = "";
			targets = (
				83919A5E1B10729800A9C54B /* ComplexChatIOS */,
				83919A771B10729800A9C54B /* ComplexChatIOSTests */,
			);
		};
/* End PBXProject section */

/* Begin PBXResourcesBuildPhase section */
		83919A5D1B10729800A9C54B /* Resources */ = {
			isa = PBXResourcesBuildPhase;
			buildActionMask = 2147483647;
			files = (
				83919A6E1B10729800A9C54B /* Main.storyboard in Resources */,
				83919A731B10729800A9C54B /* LaunchScreen.xib in Resources */,
				83919A891B1072A600A9C54B /* Podfile in Resources */,
				83919A701B10729800A9C54B /* Images.xcassets in Resources */,
			);
			runOnlyForDeploymentPostprocessing = 0;
		};
		83919A761B10729800A9C54B /* Resources */ = {
			isa = PBXResourcesBuildPhase;
			buildActionMask = 2147483647;
			files = (
			);
			runOnlyForDeploymentPostprocessing = 0;
		};
/* End PBXResourcesBuildPhase section */

/* Begin PBXShellScriptBuildPhase section */
		C68EE7C345D79530BE1DB76F /* Copy Pods Resources */ = {
			isa = PBXShellScriptBuildPhase;
			buildActionMask = 2147483647;
			files = (
			);
			inputPaths = (
			);
			name = "Copy Pods Resources";
			outputPaths = (
			);
			runOnlyForDeploymentPostprocessing = 0;
			shellPath = /bin/sh;
			shellScript = "\"${SRCROOT}/Pods/Target Support Files/Pods/Pods-resources.sh\"\n";
			showEnvVarsInLog = 0;
		};
		C956C79BAA1FB78871437470 /* Check Pods Manifest.lock */ = {
			isa = PBXShellScriptBuildPhase;
			buildActionMask = 2147483647;
			files = (
			);
			inputPaths = (
			);
			name = "Check Pods Manifest.lock";
			outputPaths = (
			);
			runOnlyForDeploymentPostprocessing = 0;
			shellPath = /bin/sh;
			shellScript = "diff \"${PODS_ROOT}/../Podfile.lock\" \"${PODS_ROOT}/Manifest.lock\" > /dev/null\nif [[ $? != 0 ]] ; then\n    cat << EOM\nerror: The sandbox is not in sync with the Podfile.lock. Run 'pod install' or update your CocoaPods installation.\nEOM\n    exit 1\nfi\n";
			showEnvVarsInLog = 0;
		};
/* End PBXShellScriptBuildPhase section */

/* Begin PBXSourcesBuildPhase section */
		83919A5B1B10729800A9C54B /* Sources */ = {
			isa = PBXSourcesBuildPhase;
			buildActionMask = 2147483647;
			files = (
				83919A8F1B107EC900A9C54B /* NetworkContoller.m in Sources */,
				8316803A1B132B00005B3866 /* Message.m in Sources */,
				83919A6B1B10729800A9C54B /* ViewController.m in Sources */,
				83919A8C1B1076ED00A9C54B /* DataModel.m in Sources */,
				83919A681B10729800A9C54B /* AppDelegate.m in Sources */,
				83919A651B10729800A9C54B /* main.m in Sources */,
			);
			runOnlyForDeploymentPostprocessing = 0;
		};
		83919A741B10729800A9C54B /* Sources */ = {
			isa = PBXSourcesBuildPhase;
			buildActionMask = 2147483647;
			files = (
				83919A7F1B10729800A9C54B /* ComplexChatIOSTests.m in Sources */,
			);
			runOnlyForDeploymentPostprocessing = 0;
		};
/* End PBXSourcesBuildPhase section */

/* Begin PBXTargetDependency section */
		83919A7A1B10729800A9C54B /* PBXTargetDependency */ = {
			isa = PBXTargetDependency;
			target = 83919A5E1B10729800A9C54B /* ComplexChatIOS */;
			targetProxy = 83919A791B10729800A9C54B /* PBXContainerItemProxy */;
		};
/* End PBXTargetDependency section */

/* Begin PBXVariantGroup section */
		83919A6C1B10729800A9C54B /* Main.storyboard */ = {
			isa = PBXVariantGroup;
			children = (
				83919A6D1B10729800A9C54B /* Base */,
			);
			name = Main.storyboard;
			sourceTree = "<group>";
		};
		83919A711B10729800A9C54B /* LaunchScreen.xib */ = {
			isa = PBXVariantGroup;
			children = (
				83919A721B10729800A9C54B /* Base */,
			);
			name = LaunchScreen.xib;
			sourceTree = "<group>";
		};
/* End PBXVariantGroup section */

/* Begin XCBuildConfiguration section */
		83919A801B10729800A9C54B /* Debug */ = {
			isa = XCBuildConfiguration;
			buildSettings = {
				ALWAYS_SEARCH_USER_PATHS = NO;
				CLANG_CXX_LANGUAGE_STANDARD = "gnu++0x";
				CLANG_CXX_LIBRARY = "libc++";
				CLANG_ENABLE_MODULES = YES;
				CLANG_ENABLE_OBJC_ARC = YES;
				CLANG_WARN_BOOL_CONVERSION = YES;
				CLANG_WARN_CONSTANT_CONVERSION = YES;
				CLANG_WARN_DIRECT_OBJC_ISA_USAGE = YES_ERROR;
				CLANG_WARN_EMPTY_BODY = YES;
				CLANG_WARN_ENUM_CONVERSION = YES;
				CLANG_WARN_INT_CONVERSION = YES;
				CLANG_WARN_OBJC_ROOT_CLASS = YES_ERROR;
				CLANG_WARN_UNREACHABLE_CODE = YES;
				CLANG_WARN__DUPLICATE_METHOD_MATCH = YES;
				"CODE_SIGN_IDENTITY[sdk=iphoneos*]" = "iPhone Developer";
				COPY_PHASE_STRIP = NO;
				DEBUG_INFORMATION_FORMAT = "dwarf-with-dsym";
				ENABLE_STRICT_OBJC_MSGSEND = YES;
				GCC_C_LANGUAGE_STANDARD = gnu99;
				GCC_DYNAMIC_NO_PIC = NO;
				GCC_NO_COMMON_BLOCKS = YES;
				GCC_OPTIMIZATION_LEVEL = 0;
				GCC_PREPROCESSOR_DEFINITIONS = (
					"DEBUG=1",
					"$(inherited)",
				);
				GCC_SYMBOLS_PRIVATE_EXTERN = NO;
				GCC_WARN_64_TO_32_BIT_CONVERSION = YES;
				GCC_WARN_ABOUT_RETURN_TYPE = YES_ERROR;
				GCC_WARN_UNDECLARED_SELECTOR = YES;
				GCC_WARN_UNINITIALIZED_AUTOS = YES_AGGRESSIVE;
				GCC_WARN_UNUSED_FUNCTION = YES;
				GCC_WARN_UNUSED_VARIABLE = YES;
				IPHONEOS_DEPLOYMENT_TARGET = 8.3;
				MTL_ENABLE_DEBUG_INFO = YES;
				ONLY_ACTIVE_ARCH = YES;
				SDKROOT = iphoneos;
			};
			name = Debug;
		};
		83919A811B10729800A9C54B /* Release */ = {
			isa = XCBuildConfiguration;
			buildSettings = {
				ALWAYS_SEARCH_USER_PATHS = NO;
				CLANG_CXX_LANGUAGE_STANDARD = "gnu++0x";
				CLANG_CXX_LIBRARY = "libc++";
				CLANG_ENABLE_MODULES = YES;
				CLANG_ENABLE_OBJC_ARC = YES;
				CLANG_WARN_BOOL_CONVERSION = YES;
				CLANG_WARN_CONSTANT_CONVERSION = YES;
				CLANG_WARN_DIRECT_OBJC_ISA_USAGE = YES_ERROR;
				CLANG_WARN_EMPTY_BODY = YES;
				CLANG_WARN_ENUM_CONVERSION = YES;
				CLANG_WARN_INT_CONVERSION = YES;
				CLANG_WARN_OBJC_ROOT_CLASS = YES_ERROR;
				CLANG_WARN_UNREACHABLE_CODE = YES;
				CLANG_WARN__DUPLICATE_METHOD_MATCH = YES;
				"CODE_SIGN_IDENTITY[sdk=iphoneos*]" = "iPhone Developer";
				COPY_PHASE_STRIP = NO;
				DEBUG_INFORMATION_FORMAT = "dwarf-with-dsym";
				ENABLE_NS_ASSERTIONS = NO;
				ENABLE_STRICT_OBJC_MSGSEND = YES;
				GCC_C_LANGUAGE_STANDARD = gnu99;
				GCC_NO_COMMON_BLOCKS = YES;
				GCC_WARN_64_TO_32_BIT_CONVERSION = YES;
				GCC_WARN_ABOUT_RETURN_TYPE = YES_ERROR;
				GCC_WARN_UNDECLARED_SELECTOR = YES;
				GCC_WARN_UNINITIALIZED_AUTOS = YES_AGGRESSIVE;
				GCC_WARN_UNUSED_FUNCTION = YES;
				GCC_WARN_UNUSED_VARIABLE = YES;
				IPHONEOS_DEPLOYMENT_TARGET = 8.3;
				MTL_ENABLE_DEBUG_INFO = NO;
				SDKROOT = iphoneos;
				VALIDATE_PRODUCT = YES;
			};
			name = Release;
		};
		83919A831B10729800A9C54B /* Debug */ = {
			isa = XCBuildConfiguration;
			baseConfigurationReference = 22B3A150F8B0DA5F03A3BB83 /* Pods.debug.xcconfig */;
			buildSettings = {
				ASSETCATALOG_COMPILER_APPICON_NAME = AppIcon;
				INFOPLIST_FILE = ComplexChatIOS/Info.plist;
				LD_RUNPATH_SEARCH_PATHS = "$(inherited) @executable_path/Frameworks";
				PRODUCT_NAME = "$(TARGET_NAME)";
			};
			name = Debug;
		};
		83919A841B10729800A9C54B /* Release */ = {
			isa = XCBuildConfiguration;
			baseConfigurationReference = 6B8BFBB60FAFDC48FCE57C29 /* Pods.release.xcconfig */;
			buildSettings = {
				ASSETCATALOG_COMPILER_APPICON_NAME = AppIcon;
				INFOPLIST_FILE = ComplexChatIOS/Info.plist;
				LD_RUNPATH_SEARCH_PATHS = "$(inherited) @executable_path/Frameworks";
				PRODUCT_NAME = "$(TARGET_NAME)";
			};
			name = Release;
		};
		83919A861B10729800A9C54B /* Debug */ = {
			isa = XCBuildConfiguration;
			buildSettings = {
				BUNDLE_LOADER = "$(TEST_HOST)";
				FRAMEWORK_SEARCH_PATHS = (
					"$(SDKROOT)/Developer/Library/Frameworks",
					"$(inherited)",
				);
				GCC_PREPROCESSOR_DEFINITIONS = (
					"DEBUG=1",
					"$(inherited)",
				);
				INFOPLIST_FILE = ComplexChatIOSTests/Info.plist;
				LD_RUNPATH_SEARCH_PATHS = "$(inherited) @executable_path/Frameworks @loader_path/Frameworks";
				PRODUCT_NAME = "$(TARGET_NAME)";
				TEST_HOST = "$(BUILT_PRODUCTS_DIR)/ComplexChatIOS.app/ComplexChatIOS";
			};
			name = Debug;
		};
		83919A871B10729800A9C54B /* Release */ = {
			isa = XCBuildConfiguration;
			buildSettings = {
				BUNDLE_LOADER = "$(TEST_HOST)";
				FRAMEWORK_SEARCH_PATHS = (
					"$(SDKROOT)/Developer/Library/Frameworks",
					"$(inherited)",
				);
				INFOPLIST_FILE = ComplexChatIOSTests/Info.plist;
				LD_RUNPATH_SEARCH_PATHS = "$(inherited) @executable_path/Frameworks @loader_path/Frameworks";
				PRODUCT_NAME = "$(TARGET_NAME)";
				TEST_HOST = "$(BUILT_PRODUCTS_DIR)/ComplexChatIOS.app/ComplexChatIOS";
			};
			name = Release;
		};
/* End XCBuildConfiguration section */

/* Begin XCConfigurationList section */
		83919A5A1B10729800A9C54B /* Build configuration list for PBXProject "ComplexChatIOS" */ = {
			isa = XCConfigurationList;
			buildConfigurations = (
				83919A801B10729800A9C54B /* Debug */,
				83919A811B10729800A9C54B /* Release */,
			);
			defaultConfigurationIsVisible = 0;
			defaultConfigurationName = Release;
		};
		83919A821B10729800A9C54B /* Build configuration list for PBXNativeTarget "ComplexChatIOS" */ = {
			isa = XCConfigurationList;
			buildConfigurations = (
				83919A831B10729800A9C54B /* Debug */,
				83919A841B10729800A9C54B /* Release */,
			);
			defaultConfigurationIsVisible = 0;
			defaultConfigurationName = Release;
		};
		83919A851B10729800A9C54B /* Build configuration list for PBXNativeTarget "ComplexChatIOSTests" */ = {
			isa = XCConfigurationList;
			buildConfigurations = (
				83919A861B10729800A9C54B /* Debug */,
				83919A871B10729800A9C54B /* Release */,
			);
			defaultConfigurationIsVisible = 0;
			defaultConfigurationName = Release;
		};
/* End XCConfigurationList section */
	};
	rootObject = 83919A571B10729800A9C54B /* Project object */;
}
